
Microsoft Visual Studio Solution File, Format Version 12.00
# Visual Studio Version 17
VisualStudioVersion = 17.13.35806.99 d17.13
MinimumVisualStudioVersion = 10.0.40219.1
Project("{8BC9CEB8-8B4A-11D0-8D11-00A0C91BC942}") = "win-api-example", "win-api-example.vcxproj", "{738DD9D1-491C-469E-A902-9BEC9E39B6BF}"
EndProject
Global
	GlobalSection(SolutionConfigurationPlatforms) = preSolution
		Debug|x64 = Debug|x64
		Debug|x86 = Debug|x86
		Release|x64 = Release|x64
		Release|x86 = Release|x86
	EndGlobalSection
	GlobalSection(ProjectConfigurationPlatforms) = postSolution
		{738DD9D1-491C-469E-A902-9BEC9E39B6BF}.Debug|x64.ActiveCfg = Debug|x64
		{738DD9D1-491C-469E-A902-9BEC9E39B6BF}.Debug|x64.Build.0 = Debug|x64
		{738DD9D1-491C-469E-A902-9BEC9E39B6BF}.Debug|x86.ActiveCfg = Debug|Win32
		{738DD9D1-491C-469E-A902-9BEC9E39B6BF}.Debug|x86.Build.0 = Debug|Win32
		{738DD9D1-491C-469E-A902-9BEC9E39B6BF}.Release|x64.ActiveCfg = Release|x64
		{738DD9D1-491C-469E-A902-9BEC9E39B6BF}.Release|x64.Build.0 = Release|x64
		{738DD9D1-491C-469E-A902-9BEC9E39B6BF}.Release|x86.ActiveCfg = Release|Win32
		{738DD9D1-491C-469E-A902-9BEC9E39B6BF}.Release|x86.Build.0 = Release|Win32
	EndGlobalSection
	GlobalSection(SolutionProperties) = preSolution
		HideSolutionNode = FALSE
	EndGlobalSection
	GlobalSection(ExtensibilityGlobals) = postSolution
		SolutionGuid = {006D3080-5193-4FFC-B5B0-B6EF0E2CF057}
	EndGlobalSection
EndGlobal
